{
  "name": "clapify",
  "version": "0.1.0",
  "lockfileVersion": 2,
  "requires": true,
  "packages": {
    "": {
      "name": "clapify",
      "version": "0.1.0",
      "license": "MIT",
      "devDependencies": {
        "fast-check": "^3.1.4"
      }
    },
    "node_modules/fast-check": {
      "version": "3.5.0",
      "resolved": "https://registry.npmjs.org/fast-check/-/fast-check-3.5.0.tgz",
      "integrity": "sha512-5Yk9kfPy1DR8+9nl+wgRbXGM+p7e25nDRuZ/4b3TjIaWu53p/KkwS4uyKFc+Ek2Ft5nF40KRCbPYGrWYp0SjPw==",
      "dev": true,
      "funding": [
        {
          "type": "individual",
          "url": "https://github.com/sponsors/dubzzz"
        },
        {
          "type": "opencollective",
          "url": "https://opencollective.com/fast-check"
        }
      ],
      "dependencies": {
        "pure-rand": "^5.0.2"
      },
      "engines": {
        "node": ">=8.0.0"
      }
    },
    "node_modules/pure-rand": {
      "version": "5.0.3",
      "resolved": "https://registry.npmjs.org/pure-rand/-/pure-rand-5.0.3.tgz",
      "integrity": "sha512-9N8x1h8dptBQpHyC7aZMS+iNOAm97WMGY0AFrguU1cpfW3I5jINkWe5BIY5md0ofy+1TCIELsVcm/GJXZSaPbw==",
      "dev": true,
      "funding": {
        "type": "opencollective",
        "url": "https://opencollective.com/fast-check"
      }
    }
  },
  "dependencies": {
    "fast-check": {
      "version": "3.5.0",
      "resolved": "https://registry.npmjs.org/fast-check/-/fast-check-3.5.0.tgz",
      "integrity": "sha512-5Yk9kfPy1DR8+9nl+wgRbXGM+p7e25nDRuZ/4b3TjIaWu53p/KkwS4uyKFc+Ek2Ft5nF40KRCbPYGrWYp0SjPw==",
      "dev": true,
      "requires": {
        "pure-rand": "^5.0.2"
      }
    },
    "pure-rand": {
      "version": "5.0.3",
      "resolved": "https://registry.npmjs.org/pure-rand/-/pure-rand-5.0.3.tgz",
      "integrity": "sha512-9N8x1h8dptBQpHyC7aZMS+iNOAm97WMGY0AFrguU1cpfW3I5jINkWe5BIY5md0ofy+1TCIELsVcm/GJXZSaPbw==",
      "dev": true
    }
  }
}
